
Microsoft Visual Studio Solution File, Format Version 12.00
# Visual Studio Version 17
VisualStudioVersion = 17.5.33530.505
MinimumVisualStudioVersion = 10.0.40219.1
Project("{9A19103F-16F7-4668-BE54-9A1E7A4F7556}") = "Codebridge_TestTask", "Codebridge_TestTask\Codebridge_TestTask.csproj", "{92864CC5-1FC1-4268-8B24-5169A56255A1}"
EndProject
Project("{FAE04EC0-301F-11D3-BF4B-00C04F79EFBC}") = "Codebridge_TestTask_UnitTests", "Codebridge_TestTask_UnitTests\Codebridge_TestTask_UnitTests.csproj", "{63619814-7BA1-4A73-8D02-83C6A84C24A6}"
EndProject
Global
	GlobalSection(SolutionConfigurationPlatforms) = preSolution
		Debug|Any CPU = Debug|Any CPU
		Release|Any CPU = Release|Any CPU
	EndGlobalSection
	GlobalSection(ProjectConfigurationPlatforms) = postSolution
		{92864CC5-1FC1-4268-8B24-5169A56255A1}.Debug|Any CPU.ActiveCfg = Debug|Any CPU
		{92864CC5-1FC1-4268-8B24-5169A56255A1}.Debug|Any CPU.Build.0 = Debug|Any CPU
		{92864CC5-1FC1-4268-8B24-5169A56255A1}.Release|Any CPU.ActiveCfg = Release|Any CPU
		{92864CC5-1FC1-4268-8B24-5169A56255A1}.Release|Any CPU.Build.0 = Release|Any CPU
		{63619814-7BA1-4A73-8D02-83C6A84C24A6}.Debug|Any CPU.ActiveCfg = Debug|Any CPU
		{63619814-7BA1-4A73-8D02-83C6A84C24A6}.Debug|Any CPU.Build.0 = Debug|Any CPU
		{63619814-7BA1-4A73-8D02-83C6A84C24A6}.Release|Any CPU.ActiveCfg = Release|Any CPU
		{63619814-7BA1-4A73-8D02-83C6A84C24A6}.Release|Any CPU.Build.0 = Release|Any CPU
	EndGlobalSection
	GlobalSection(SolutionProperties) = preSolution
		HideSolutionNode = FALSE
	EndGlobalSection
	GlobalSection(ExtensibilityGlobals) = postSolution
		SolutionGuid = {7F665F6D-9EBC-48E9-B061-CF9E4D00B25B}
	EndGlobalSection
EndGlobal
